{
    "_meta": {
        "hash": {
            "sha256": "59613cb76d90ed65f381cb720416e8ed6fc06f1a1f7ae38cbfa34256d30d9c69"
        },
        "pipfile-spec": 6,
        "requires": {
            "python_version": "3.8"
        },
        "sources": [
            {
                "name": "pypi",
                "url": "https://pypi.python.org/simple",
                "verify_ssl": true
            }
        ]
    },
    "default": {
        "cx-freeze": {
            "hashes": [
                "sha256:08a537681dcd1bcde9742584e91d86ef001fe798386f2834a904652d5b2a468a",
                "sha256:1438db6d59be86e8483ea2bf2ff2f81374ca63d8a1d3a84706173cc1b98dd46f",
                "sha256:2be07ffce2dba23618cf736476df6f9837d9887c85f4f92fb3fbfcd090de041a",
                "sha256:59b4cb77f5c82613efbec03815b952a6fe73d4a1805bb370d57a8a1130a181ca",
                "sha256:770e911f70b48e4f309a47e02aaa7e1f6dc659fd1c486f3eebe5c9e9fe70aec2",
                "sha256:8d936a872c124c2e2a40da2e898e4fa0d225a165ab606217f75136c14ee8e673",
                "sha256:9c4b491affd10065bcdd20dc0ab5239f787affe6d61857811a937ed266faa213",
                "sha256:a4d2cb00eec6bc72a419370b5b0b5d0f3adf4d8417eb89228981d470cf4c6af6",
                "sha256:e5b71bf57b9881ac142fbebeae2c8b0d3294b56f6e48ab64032321e3b1a2ba27",
                "sha256:ec752333fa2e40347902730662785da0ec4576cec976552784a6f60a7a07b45d",
                "sha256:f03928cbcf8282e688dc1f9fa421044c24f5b7492a7b0fe7f45d5cc6f24c1ebf"
            ],
            "index": "pypi",
            "version": "==6.10"
        },
        "importlib-metadata": {
            "hashes": [
                "sha256:1208431ca90a8cca1a6b8af391bb53c1a2db74e5d1cef6ddced95d4b2062edc6",
                "sha256:ea4c597ebf37142f827b8f39299579e31685c31d3a438b59f469406afd0f2539"
            ],
            "markers": "python_version < '3.10'",
            "version": "==4.11.3"
        },
        "patchelf": {
            "hashes": [
                "sha256:180b0688633c22463588acaaeb8b060147ad73627fb6221503ba4914d24938c9",
                "sha256:9c360b978ac0949b4a4be79f8904d81c5e5d75f85c16cde40013543451297f4b",
                "sha256:b5ac50750572857eaf08dc1823f0c25bd18bb78b9ec8d304b8e8f6206f4cefe4",
                "sha256:d1bd07adfbf94bae79c4122e6674596ae0a21b5722a0fd8c23b0505810436aea",
                "sha256:d433eb851a9b8ab91ee1f4dbae6a8f7af859a44c5e157029cff028efe81922bf",
                "sha256:ee91f192e5009c7c4dc026f86ba2a6a9c6746d4a5535b211554fa4fce8dc8232"
            ],
            "markers": "sys_platform == 'linux'",
            "version": "==0.14.5.0"
        },
        "wheel": {
            "hashes": [
                "sha256:4bdcd7d840138086126cd09254dc6195fb4fc6f01c050a1d7236f2630db1d22a",
                "sha256:e9a504e793efbca1b8e0e9cb979a249cf4a0a7b5b8c9e8b65a5e39d49529c1c4"
            ],
            "version": "==0.37.1"
        },
        "zipp": {
            "hashes": [
                "sha256:56bf8aadb83c24db6c4b577e13de374ccfb67da2078beba1d037c17980bf43ad",
                "sha256:c4f6e5bbf48e74f7a38e7cc5b0480ff42b0ae5178957d564d18932525d5cf099"
            ],
            "version": "==3.8.0"
        }
    },
    "develop": {}
}
